
Microsoft Visual Studio Solution File, Format Version 12.00
# Visual Studio Version 17
VisualStudioVersion = 17.13.35828.75 d17.13
MinimumVisualStudioVersion = 10.0.40219.1
Project("{FAE04EC0-301F-11D3-BF4B-00C04F79EFBC}") = "AdvancedProgrammingAssignment1", "AdvancedProgrammingAssignment1.csproj", "{78DF213D-95C9-4352-AD66-4FC6F8A74154}"
EndProject
Global
	GlobalSection(SolutionConfigurationPlatforms) = preSolution
		Debug|Any CPU = Debug|Any CPU
		Release|Any CPU = Release|Any CPU
	EndGlobalSection
	GlobalSection(ProjectConfigurationPlatforms) = postSolution
		{78DF213D-95C9-4352-AD66-4FC6F8A74154}.Debug|Any CPU.ActiveCfg = Debug|Any CPU
		{78DF213D-95C9-4352-AD66-4FC6F8A74154}.Debug|Any CPU.Build.0 = Debug|Any CPU
		{78DF213D-95C9-4352-AD66-4FC6F8A74154}.Release|Any CPU.ActiveCfg = Release|Any CPU
		{78DF213D-95C9-4352-AD66-4FC6F8A74154}.Release|Any CPU.Build.0 = Release|Any CPU
	EndGlobalSection
	GlobalSection(SolutionProperties) = preSolution
		HideSolutionNode = FALSE
	EndGlobalSection
	GlobalSection(ExtensibilityGlobals) = postSolution
		SolutionGuid = {6350B10A-504F-48A9-9427-946EB55AA1D2}
	EndGlobalSection
EndGlobal
